
Microsoft Visual Studio Solution File, Format Version 12.00
# Visual Studio Version 16
VisualStudioVersion = 16.0.29728.190
MinimumVisualStudioVersion = 10.0.40219.1
Project("{9A19103F-16F7-4668-BE54-9A1E7A4F7556}") = "WebUI", "POSWEB\WebUI.csproj", "{36D768AC-9567-4433-B241-358842F0821F}"
EndProject
Project("{FAE04EC0-301F-11D3-BF4B-00C04F79EFBC}") = "Application", "Application\Application.csproj", "{93F40409-920C-46C8-9277-E353B860C548}"
EndProject
Project("{FAE04EC0-301F-11D3-BF4B-00C04F79EFBC}") = "Domain", "Domain\Domain.csproj", "{56BF9259-C80A-4D1A-81F6-74165B5DDAC3}"
EndProject
Project("{FAE04EC0-301F-11D3-BF4B-00C04F79EFBC}") = "Persistence", "Persistence\Persistence.csproj", "{0418D115-DD79-4AB7-8D90-F2DC9867897B}"
EndProject
Global
	GlobalSection(SolutionConfigurationPlatforms) = preSolution
		Debug|Any CPU = Debug|Any CPU
		Release|Any CPU = Release|Any CPU
	EndGlobalSection
	GlobalSection(ProjectConfigurationPlatforms) = postSolution
		{36D768AC-9567-4433-B241-358842F0821F}.Debug|Any CPU.ActiveCfg = Debug|Any CPU
		{36D768AC-9567-4433-B241-358842F0821F}.Debug|Any CPU.Build.0 = Debug|Any CPU
		{36D768AC-9567-4433-B241-358842F0821F}.Release|Any CPU.ActiveCfg = Release|Any CPU
		{36D768AC-9567-4433-B241-358842F0821F}.Release|Any CPU.Build.0 = Release|Any CPU
		{93F40409-920C-46C8-9277-E353B860C548}.Debug|Any CPU.ActiveCfg = Debug|Any CPU
		{93F40409-920C-46C8-9277-E353B860C548}.Debug|Any CPU.Build.0 = Debug|Any CPU
		{93F40409-920C-46C8-9277-E353B860C548}.Release|Any CPU.ActiveCfg = Release|Any CPU
		{93F40409-920C-46C8-9277-E353B860C548}.Release|Any CPU.Build.0 = Release|Any CPU
		{56BF9259-C80A-4D1A-81F6-74165B5DDAC3}.Debug|Any CPU.ActiveCfg = Debug|Any CPU
		{56BF9259-C80A-4D1A-81F6-74165B5DDAC3}.Debug|Any CPU.Build.0 = Debug|Any CPU
		{56BF9259-C80A-4D1A-81F6-74165B5DDAC3}.Release|Any CPU.ActiveCfg = Release|Any CPU
		{56BF9259-C80A-4D1A-81F6-74165B5DDAC3}.Release|Any CPU.Build.0 = Release|Any CPU
		{0418D115-DD79-4AB7-8D90-F2DC9867897B}.Debug|Any CPU.ActiveCfg = Debug|Any CPU
		{0418D115-DD79-4AB7-8D90-F2DC9867897B}.Debug|Any CPU.Build.0 = Debug|Any CPU
		{0418D115-DD79-4AB7-8D90-F2DC9867897B}.Release|Any CPU.ActiveCfg = Release|Any CPU
		{0418D115-DD79-4AB7-8D90-F2DC9867897B}.Release|Any CPU.Build.0 = Release|Any CPU
	EndGlobalSection
	GlobalSection(SolutionProperties) = preSolution
		HideSolutionNode = FALSE
	EndGlobalSection
	GlobalSection(ExtensibilityGlobals) = postSolution
		SolutionGuid = {CCBAE700-86D0-4252-9D54-69271F1843B0}
	EndGlobalSection
EndGlobal
